
Microsoft Visual Studio Solution File, Format Version 11.00
# Visual Studio 2010
Project("{FAE04EC0-301F-11D3-BF4B-00C04F79EFBC}") = "tcp-duplex-demo", "tcp-duplex-demo\tcp-duplex-demo.csproj", "{5B473DE6-6317-4385-B328-60625D3C979E}"
	ProjectSection(ProjectDependencies) = postProject
		{186C27E3-6896-4D2A-9CFD-741175FEFF14} = {186C27E3-6896-4D2A-9CFD-741175FEFF14}
	EndProjectSection
EndProject
Project("{FAE04EC0-301F-11D3-BF4B-00C04F79EFBC}") = "tcp-duplex-demo.Web", "tcp-duplex-demo.Web\tcp-duplex-demo.Web.csproj", "{186C27E3-6896-4D2A-9CFD-741175FEFF14}"
EndProject
Global
	GlobalSection(SolutionConfigurationPlatforms) = preSolution
		Debug|Any CPU = Debug|Any CPU
		Release|Any CPU = Release|Any CPU
	EndGlobalSection
	GlobalSection(ProjectConfigurationPlatforms) = postSolution
		{5B473DE6-6317-4385-B328-60625D3C979E}.Debug|Any CPU.ActiveCfg = Debug|Any CPU
		{5B473DE6-6317-4385-B328-60625D3C979E}.Debug|Any CPU.Build.0 = Debug|Any CPU
		{5B473DE6-6317-4385-B328-60625D3C979E}.Release|Any CPU.ActiveCfg = Release|Any CPU
		{5B473DE6-6317-4385-B328-60625D3C979E}.Release|Any CPU.Build.0 = Release|Any CPU
		{186C27E3-6896-4D2A-9CFD-741175FEFF14}.Debug|Any CPU.ActiveCfg = Debug|Any CPU
		{186C27E3-6896-4D2A-9CFD-741175FEFF14}.Debug|Any CPU.Build.0 = Debug|Any CPU
		{186C27E3-6896-4D2A-9CFD-741175FEFF14}.Release|Any CPU.ActiveCfg = Release|Any CPU
		{186C27E3-6896-4D2A-9CFD-741175FEFF14}.Release|Any CPU.Build.0 = Release|Any CPU
	EndGlobalSection
	GlobalSection(SolutionProperties) = preSolution
		HideSolutionNode = FALSE
	EndGlobalSection
EndGlobal
