
Microsoft Visual Studio Solution File, Format Version 11.00
# Visual Studio 2010
Project("{FAE04EC0-301F-11D3-BF4B-00C04F79EFBC}") = "autocomplete-custom-searchmode-demo", "autocomplete-custom-searchmode-demo\autocomplete-custom-searchmode-demo.csproj", "{83C923FB-0AB6-445F-B16F-63D7AABFD5D5}"
	ProjectSection(ProjectDependencies) = postProject
		{69BB7D78-17F7-4FC2-AB2D-BC7149D3D554} = {69BB7D78-17F7-4FC2-AB2D-BC7149D3D554}
	EndProjectSection
EndProject
Project("{FAE04EC0-301F-11D3-BF4B-00C04F79EFBC}") = "autocomplete-custom-searchmode-demo.Web", "autocomplete-custom-searchmode-demo.Web\autocomplete-custom-searchmode-demo.Web.csproj", "{69BB7D78-17F7-4FC2-AB2D-BC7149D3D554}"
EndProject
Global
	GlobalSection(SolutionConfigurationPlatforms) = preSolution
		Debug|Any CPU = Debug|Any CPU
		Release|Any CPU = Release|Any CPU
	EndGlobalSection
	GlobalSection(ProjectConfigurationPlatforms) = postSolution
		{83C923FB-0AB6-445F-B16F-63D7AABFD5D5}.Debug|Any CPU.ActiveCfg = Debug|Any CPU
		{83C923FB-0AB6-445F-B16F-63D7AABFD5D5}.Debug|Any CPU.Build.0 = Debug|Any CPU
		{83C923FB-0AB6-445F-B16F-63D7AABFD5D5}.Release|Any CPU.ActiveCfg = Release|Any CPU
		{83C923FB-0AB6-445F-B16F-63D7AABFD5D5}.Release|Any CPU.Build.0 = Release|Any CPU
		{69BB7D78-17F7-4FC2-AB2D-BC7149D3D554}.Debug|Any CPU.ActiveCfg = Debug|Any CPU
		{69BB7D78-17F7-4FC2-AB2D-BC7149D3D554}.Debug|Any CPU.Build.0 = Debug|Any CPU
		{69BB7D78-17F7-4FC2-AB2D-BC7149D3D554}.Release|Any CPU.ActiveCfg = Release|Any CPU
		{69BB7D78-17F7-4FC2-AB2D-BC7149D3D554}.Release|Any CPU.Build.0 = Release|Any CPU
	EndGlobalSection
	GlobalSection(SolutionProperties) = preSolution
		HideSolutionNode = FALSE
	EndGlobalSection
EndGlobal
